// !$*UTF8*$!
{
	archiveVersion = 1;
	classes = {
	};
	objectVersion = 46;
	objects = {

/* Begin PBXBuildFile section */
		248EB0BB1B2EE0DC00E3D02F /* main.m in Sources */ = {isa = PBXBuildFile; fileRef = 248EB0BA1B2EE0DC00E3D02F /* main.m */; };
		248EB0BE1B2EE0DC00E3D02F /* AppDelegate.m in Sources */ = {isa = PBXBuildFile; fileRef = 248EB0BD1B2EE0DC00E3D02F /* AppDelegate.m */; };
		248EB0C11B2EE0DC00E3D02F /* ViewController.m in Sources */ = {isa = PBXBuildFile; fileRef = 248EB0C01B2EE0DC00E3D02F /* ViewController.m */; };
		248EB0C41B2EE0DC00E3D02F /* Main.storyboard in Resources */ = {isa = PBXBuildFile; fileRef = 248EB0C21B2EE0DC00E3D02F /* Main.storyboard */; };
		248EB0C61B2EE0DC00E3D02F /* Images.xcassets in Resources */ = {isa = PBXBuildFile; fileRef = 248EB0C51B2EE0DC00E3D02F /* Images.xcassets */; };
		248EB0C91B2EE0DC00E3D02F /* LaunchScreen.xib in Resources */ = {isa = PBXBuildFile; fileRef = 248EB0C71B2EE0DC00E3D02F /* LaunchScreen.xib */; };
		248EB0D51B2EE0DC00E3D02F /* __15_UI_HWTests.m in Sources */ = {isa = PBXBuildFile; fileRef = 248EB0D41B2EE0DC00E3D02F /* __15_UI_HWTests.m */; };
		248EB0E11B2EE53100E3D02F /* CustomTableViewCell.m in Sources */ = {isa = PBXBuildFile; fileRef = 248EB0DF1B2EE53100E3D02F /* CustomTableViewCell.m */; };
		248EB0E21B2EE53100E3D02F /* CustomTableViewCell.xib in Resources */ = {isa = PBXBuildFile; fileRef = 248EB0E01B2EE53100E3D02F /* CustomTableViewCell.xib */; };
		248EB1051B2EE71D00E3D02F /* MKAnnotationView+WebCache.m in Sources */ = {isa = PBXBuildFile; fileRef = 248EB0E51B2EE71D00E3D02F /* MKAnnotationView+WebCache.m */; };
		248EB1061B2EE71D00E3D02F /* NSData+ImageContentType.m in Sources */ = {isa = PBXBuildFile; fileRef = 248EB0E71B2EE71D00E3D02F /* NSData+ImageContentType.m */; };
		248EB1071B2EE71D00E3D02F /* SDImageCache.m in Sources */ = {isa = PBXBuildFile; fileRef = 248EB0E91B2EE71D00E3D02F /* SDImageCache.m */; };
		248EB1081B2EE71D00E3D02F /* SDWebImageCompat.m in Sources */ = {isa = PBXBuildFile; fileRef = 248EB0EB1B2EE71D00E3D02F /* SDWebImageCompat.m */; };
		248EB1091B2EE71D00E3D02F /* SDWebImageDecoder.m in Sources */ = {isa = PBXBuildFile; fileRef = 248EB0ED1B2EE71D00E3D02F /* SDWebImageDecoder.m */; };
		248EB10A1B2EE71D00E3D02F /* SDWebImageDownloader.m in Sources */ = {isa = PBXBuildFile; fileRef = 248EB0EF1B2EE71D00E3D02F /* SDWebImageDownloader.m */; };
		248EB10B1B2EE71D00E3D02F /* SDWebImageDownloaderOperation.m in Sources */ = {isa = PBXBuildFile; fileRef = 248EB0F11B2EE71D00E3D02F /* SDWebImageDownloaderOperation.m */; };
		248EB10C1B2EE71D00E3D02F /* SDWebImageManager.m in Sources */ = {isa = PBXBuildFile; fileRef = 248EB0F31B2EE71D00E3D02F /* SDWebImageManager.m */; };
		248EB10D1B2EE71D00E3D02F /* SDWebImagePrefetcher.m in Sources */ = {isa = PBXBuildFile; fileRef = 248EB0F61B2EE71D00E3D02F /* SDWebImagePrefetcher.m */; };
		248EB10E1B2EE71D00E3D02F /* UIButton+WebCache.m in Sources */ = {isa = PBXBuildFile; fileRef = 248EB0F81B2EE71D00E3D02F /* UIButton+WebCache.m */; };
		248EB10F1B2EE71D00E3D02F /* UIImage+GIF.m in Sources */ = {isa = PBXBuildFile; fileRef = 248EB0FA1B2EE71D00E3D02F /* UIImage+GIF.m */; };
		248EB1101B2EE71D00E3D02F /* UIImage+MultiFormat.m in Sources */ = {isa = PBXBuildFile; fileRef = 248EB0FC1B2EE71D00E3D02F /* UIImage+MultiFormat.m */; };
		248EB1111B2EE71D00E3D02F /* UIImage+WebP.m in Sources */ = {isa = PBXBuildFile; fileRef = 248EB0FE1B2EE71D00E3D02F /* UIImage+WebP.m */; };
		248EB1121B2EE71D00E3D02F /* UIImageView+HighlightedWebCache.m in Sources */ = {isa = PBXBuildFile; fileRef = 248EB1001B2EE71D00E3D02F /* UIImageView+HighlightedWebCache.m */; };
		248EB1131B2EE71D00E3D02F /* UIImageView+WebCache.m in Sources */ = {isa = PBXBuildFile; fileRef = 248EB1021B2EE71D00E3D02F /* UIImageView+WebCache.m */; };
		248EB1141B2EE71D00E3D02F /* UIView+WebCacheOperation.m in Sources */ = {isa = PBXBuildFile; fileRef = 248EB1041B2EE71D00E3D02F /* UIView+WebCacheOperation.m */; };
		248EB1171B2EE7CA00E3D02F /* WebViewController.m in Sources */ = {isa = PBXBuildFile; fileRef = 248EB1161B2EE7CA00E3D02F /* WebViewController.m */; };
/* End PBXBuildFile section */

/* Begin PBXContainerItemProxy section */
		248EB0CF1B2EE0DC00E3D02F /* PBXContainerItemProxy */ = {
			isa = PBXContainerItemProxy;
			containerPortal = 248EB0AD1B2EE0DC00E3D02F /* Project object */;
			proxyType = 1;
			remoteGlobalIDString = 248EB0B41B2EE0DC00E3D02F;
			remoteInfo = 6.15.UI.HW;
		};
/* End PBXContainerItemProxy section */

/* Begin PBXFileReference section */
		248EB0B51B2EE0DC00E3D02F /* 6.15.UI.HW.app */ = {isa = PBXFileReference; explicitFileType = wrapper.application; includeInIndex = 0; path = 6.15.UI.HW.app; sourceTree = BUILT_PRODUCTS_DIR; };
		248EB0B91B2EE0DC00E3D02F /* Info.plist */ = {isa = PBXFileReference; lastKnownFileType = text.plist.xml; path = Info.plist; sourceTree = "<group>"; };
		248EB0BA1B2EE0DC00E3D02F /* main.m */ = {isa = PBXFileReference; lastKnownFileType = sourcecode.c.objc; path = main.m; sourceTree = "<group>"; };
		248EB0BC1B2EE0DC00E3D02F /* AppDelegate.h */ = {isa = PBXFileReference; lastKnownFileType = sourcecode.c.h; path = AppDelegate.h; sourceTree = "<group>"; };
		248EB0BD1B2EE0DC00E3D02F /* AppDelegate.m */ = {isa = PBXFileReference; lastKnownFileType = sourcecode.c.objc; path = AppDelegate.m; sourceTree = "<group>"; };
		248EB0BF1B2EE0DC00E3D02F /* ViewController.h */ = {isa = PBXFileReference; lastKnownFileType = sourcecode.c.h; path = ViewController.h; sourceTree = "<group>"; };
		248EB0C01B2EE0DC00E3D02F /* ViewController.m */ = {isa = PBXFileReference; lastKnownFileType = sourcecode.c.objc; path = ViewController.m; sourceTree = "<group>"; };
		248EB0C31B2EE0DC00E3D02F /* Base */ = {isa = PBXFileReference; lastKnownFileType = file.storyboard; name = Base; path = Base.lproj/Main.storyboard; sourceTree = "<group>"; };
		248EB0C51B2EE0DC00E3D02F /* Images.xcassets */ = {isa = PBXFileReference; lastKnownFileType = folder.assetcatalog; path = Images.xcassets; sourceTree = "<group>"; };
		248EB0C81B2EE0DC00E3D02F /* Base */ = {isa = PBXFileReference; lastKnownFileType = file.xib; name = Base; path = Base.lproj/LaunchScreen.xib; sourceTree = "<group>"; };
		248EB0CE1B2EE0DC00E3D02F /* 6.15.UI.HWTests.xctest */ = {isa = PBXFileReference; explicitFileType = wrapper.cfbundle; includeInIndex = 0; path = 6.15.UI.HWTests.xctest; sourceTree = BUILT_PRODUCTS_DIR; };
		248EB0D31B2EE0DC00E3D02F /* Info.plist */ = {isa = PBXFileReference; lastKnownFileType = text.plist.xml; path = Info.plist; sourceTree = "<group>"; };
		248EB0D41B2EE0DC00E3D02F /* __15_UI_HWTests.m */ = {isa = PBXFileReference; lastKnownFileType = sourcecode.c.objc; path = __15_UI_HWTests.m; sourceTree = "<group>"; };
		248EB0DE1B2EE53100E3D02F /* CustomTableViewCell.h */ = {isa = PBXFileReference; fileEncoding = 4; lastKnownFileType = sourcecode.c.h; path = CustomTableViewCell.h; sourceTree = "<group>"; };
		248EB0DF1B2EE53100E3D02F /* CustomTableViewCell.m */ = {isa = PBXFileReference; fileEncoding = 4; lastKnownFileType = sourcecode.c.objc; path = CustomTableViewCell.m; sourceTree = "<group>"; };
		248EB0E01B2EE53100E3D02F /* CustomTableViewCell.xib */ = {isa = PBXFileReference; fileEncoding = 4; lastKnownFileType = file.xib; path = CustomTableViewCell.xib; sourceTree = "<group>"; };
		248EB0E41B2EE71D00E3D02F /* MKAnnotationView+WebCache.h */ = {isa = PBXFileReference; fileEncoding = 4; lastKnownFileType = sourcecode.c.h; path = "MKAnnotationView+WebCache.h"; sourceTree = "<group>"; };
		248EB0E51B2EE71D00E3D02F /* MKAnnotationView+WebCache.m */ = {isa = PBXFileReference; fileEncoding = 4; lastKnownFileType = sourcecode.c.objc; path = "MKAnnotationView+WebCache.m"; sourceTree = "<group>"; };
		248EB0E61B2EE71D00E3D02F /* NSData+ImageContentType.h */ = {isa = PBXFileReference; fileEncoding = 4; lastKnownFileType = sourcecode.c.h; path = "NSData+ImageContentType.h"; sourceTree = "<group>"; };
		248EB0E71B2EE71D00E3D02F /* NSData+ImageContentType.m */ = {isa = PBXFileReference; fileEncoding = 4; lastKnownFileType = sourcecode.c.objc; path = "NSData+ImageContentType.m"; sourceTree = "<group>"; };
		248EB0E81B2EE71D00E3D02F /* SDImageCache.h */ = {isa = PBXFileReference; fileEncoding = 4; lastKnownFileType = sourcecode.c.h; path = SDImageCache.h; sourceTree = "<group>"; };
		248EB0E91B2EE71D00E3D02F /* SDImageCache.m */ = {isa = PBXFileReference; fileEncoding = 4; lastKnownFileType = sourcecode.c.objc; path = SDImageCache.m; sourceTree = "<group>"; };
		248EB0EA1B2EE71D00E3D02F /* SDWebImageCompat.h */ = {isa = PBXFileReference; fileEncoding = 4; lastKnownFileType = sourcecode.c.h; path = SDWebImageCompat.h; sourceTree = "<group>"; };
		248EB0EB1B2EE71D00E3D02F /* SDWebImageCompat.m */ = {isa = PBXFileReference; fileEncoding = 4; lastKnownFileType = sourcecode.c.objc; path = SDWebImageCompat.m; sourceTree = "<group>"; };
		248EB0EC1B2EE71D00E3D02F /* SDWebImageDecoder.h */ = {isa = PBXFileReference; fileEncoding = 4; lastKnownFileType = sourcecode.c.h; path = SDWebImageDecoder.h; sourceTree = "<group>"; };
		248EB0ED1B2EE71D00E3D02F /* SDWebImageDecoder.m */ = {isa = PBXFileReference; fileEncoding = 4; lastKnownFileType = sourcecode.c.objc; path = SDWebImageDecoder.m; sourceTree = "<group>"; };
		248EB0EE1B2EE71D00E3D02F /* SDWebImageDownloader.h */ = {isa = PBXFileReference; fileEncoding = 4; lastKnownFileType = sourcecode.c.h; path = SDWebImageDownloader.h; sourceTree = "<group>"; };
		248EB0EF1B2EE71D00E3D02F /* SDWebImageDownloader.m */ = {isa = PBXFileReference; fileEncoding = 4; lastKnownFileType = sourcecode.c.objc; path = SDWebImageDownloader.m; sourceTree = "<group>"; };
		248EB0F01B2EE71D00E3D02F /* SDWebImageDownloaderOperation.h */ = {isa = PBXFileReference; fileEncoding = 4; lastKnownFileType = sourcecode.c.h; path = SDWebImageDownloaderOperation.h; sourceTree = "<group>"; };
		248EB0F11B2EE71D00E3D02F /* SDWebImageDownloaderOperation.m */ = {isa = PBXFileReference; fileEncoding = 4; lastKnownFileType = sourcecode.c.objc; path = SDWebImageDownloaderOperation.m; sourceTree = "<group>"; };
		248EB0F21B2EE71D00E3D02F /* SDWebImageManager.h */ = {isa = PBXFileReference; fileEncoding = 4; lastKnownFileType = sourcecode.c.h; path = SDWebImageManager.h; sourceTree = "<group>"; };
		248EB0F31B2EE71D00E3D02F /* SDWebImageManager.m */ = {isa = PBXFileReference; fileEncoding = 4; lastKnownFileType = sourcecode.c.objc; path = SDWebImageManager.m; sourceTree = "<group>"; };
		248EB0F41B2EE71D00E3D02F /* SDWebImageOperation.h */ = {isa = PBXFileReference; fileEncoding = 4; lastKnownFileType = sourcecode.c.h; path = SDWebImageOperation.h; sourceTree = "<group>"; };
		248EB0F51B2EE71D00E3D02F /* SDWebImagePrefetcher.h */ = {isa = PBXFileReference; fileEncoding = 4; lastKnownFileType = sourcecode.c.h; path = SDWebImagePrefetcher.h; sourceTree = "<group>"; };
		248EB0F61B2EE71D00E3D02F /* SDWebImagePrefetcher.m */ = {isa = PBXFileReference; fileEncoding = 4; lastKnownFileType = sourcecode.c.objc; path = SDWebImagePrefetcher.m; sourceTree = "<group>"; };
		248EB0F71B2EE71D00E3D02F /* UIButton+WebCache.h */ = {isa = PBXFileReference; fileEncoding = 4; lastKnownFileType = sourcecode.c.h; path = "UIButton+WebCache.h"; sourceTree = "<group>"; };
		248EB0F81B2EE71D00E3D02F /* UIButton+WebCache.m */ = {isa = PBXFileReference; fileEncoding = 4; lastKnownFileType = sourcecode.c.objc; path = "UIButton+WebCache.m"; sourceTree = "<group>"; };
		248EB0F91B2EE71D00E3D02F /* UIImage+GIF.h */ = {isa = PBXFileReference; fileEncoding = 4; lastKnownFileType = sourcecode.c.h; path = "UIImage+GIF.h"; sourceTree = "<group>"; };
		248EB0FA1B2EE71D00E3D02F /* UIImage+GIF.m */ = {isa = PBXFileReference; fileEncoding = 4; lastKnownFileType = sourcecode.c.objc; path = "UIImage+GIF.m"; sourceTree = "<group>"; };
		248EB0FB1B2EE71D00E3D02F /* UIImage+MultiFormat.h */ = {isa = PBXFileReference; fileEncoding = 4; lastKnownFileType = sourcecode.c.h; path = "UIImage+MultiFormat.h"; sourceTree = "<group>"; };
		248EB0FC1B2EE71D00E3D02F /* UIImage+MultiFormat.m */ = {isa = PBXFileReference; fileEncoding = 4; lastKnownFileType = sourcecode.c.objc; path = "UIImage+MultiFormat.m"; sourceTree = "<group>"; };
		248EB0FD1B2EE71D00E3D02F /* UIImage+WebP.h */ = {isa = PBXFileReference; fileEncoding = 4; lastKnownFileType = sourcecode.c.h; path = "UIImage+WebP.h"; sourceTree = "<group>"; };
		248EB0FE1B2EE71D00E3D02F /* UIImage+WebP.m */ = {isa = PBXFileReference; fileEncoding = 4; lastKnownFileType = sourcecode.c.objc; path = "UIImage+WebP.m"; sourceTree = "<group>"; };
		248EB0FF1B2EE71D00E3D02F /* UIImageView+HighlightedWebCache.h */ = {isa = PBXFileReference; fileEncoding = 4; lastKnownFileType = sourcecode.c.h; path = "UIImageView+HighlightedWebCache.h"; sourceTree = "<group>"; };
		248EB1001B2EE71D00E3D02F /* UIImageView+HighlightedWebCache.m */ = {isa = PBXFileReference; fileEncoding = 4; lastKnownFileType = sourcecode.c.objc; path = "UIImageView+HighlightedWebCache.m"; sourceTree = "<group>"; };
		248EB1011B2EE71D00E3D02F /* UIImageView+WebCache.h */ = {isa = PBXFileReference; fileEncoding = 4; lastKnownFileType = sourcecode.c.h; path = "UIImageView+WebCache.h"; sourceTree = "<group>"; };
		248EB1021B2EE71D00E3D02F /* UIImageView+WebCache.m */ = {isa = PBXFileReference; fileEncoding = 4; lastKnownFileType = sourcecode.c.objc; path = "UIImageView+WebCache.m"; sourceTree = "<group>"; };
		248EB1031B2EE71D00E3D02F /* UIView+WebCacheOperation.h */ = {isa = PBXFileReference; fileEncoding = 4; lastKnownFileType = sourcecode.c.h; path = "UIView+WebCacheOperation.h"; sourceTree = "<group>"; };
		248EB1041B2EE71D00E3D02F /* UIView+WebCacheOperation.m */ = {isa = PBXFileReference; fileEncoding = 4; lastKnownFileType = sourcecode.c.objc; path = "UIView+WebCacheOperation.m"; sourceTree = "<group>"; };
		248EB1151B2EE7CA00E3D02F /* WebViewController.h */ = {isa = PBXFileReference; fileEncoding = 4; lastKnownFileType = sourcecode.c.h; path = WebViewController.h; sourceTree = "<group>"; };
		248EB1161B2EE7CA00E3D02F /* WebViewController.m */ = {isa = PBXFileReference; fileEncoding = 4; lastKnownFileType = sourcecode.c.objc; path = WebViewController.m; sourceTree = "<group>"; };
/* End PBXFileReference section */

/* Begin PBXFrameworksBuildPhase section */
		248EB0B21B2EE0DC00E3D02F /* Frameworks */ = {
			isa = PBXFrameworksBuildPhase;
			buildActionMask = 2147483647;
			files = (
			);
			runOnlyForDeploymentPostprocessing = 0;
		};
		248EB0CB1B2EE0DC00E3D02F /* Frameworks */ = {
			isa = PBXFrameworksBuildPhase;
			buildActionMask = 2147483647;
			files = (
			);
			runOnlyForDeploymentPostprocessing = 0;
		};
/* End PBXFrameworksBuildPhase section */

/* Begin PBXGroup section */
		248EB0AC1B2EE0DC00E3D02F = {
			isa = PBXGroup;
			children = (
				248EB0B71B2EE0DC00E3D02F /* 6.15.UI.HW */,
				248EB0D11B2EE0DC00E3D02F /* 6.15.UI.HWTests */,
				248EB0B61B2EE0DC00E3D02F /* Products */,
			);
			sourceTree = "<group>";
		};
		248EB0B61B2EE0DC00E3D02F /* Products */ = {
			isa = PBXGroup;
			children = (
				248EB0B51B2EE0DC00E3D02F /* 6.15.UI.HW.app */,
				248EB0CE1B2EE0DC00E3D02F /* 6.15.UI.HWTests.xctest */,
			);
			name = Products;
			sourceTree = "<group>";
		};
		248EB0B71B2EE0DC00E3D02F /* 6.15.UI.HW */ = {
			isa = PBXGroup;
			children = (
				248EB0E31B2EE71D00E3D02F /* SDWebImage */,
				248EB0BC1B2EE0DC00E3D02F /* AppDelegate.h */,
				248EB0BD1B2EE0DC00E3D02F /* AppDelegate.m */,
				248EB0BF1B2EE0DC00E3D02F /* ViewController.h */,
				248EB0C01B2EE0DC00E3D02F /* ViewController.m */,
				248EB1151B2EE7CA00E3D02F /* WebViewController.h */,
				248EB1161B2EE7CA00E3D02F /* WebViewController.m */,
				248EB0C21B2EE0DC00E3D02F /* Main.storyboard */,
				248EB0DE1B2EE53100E3D02F /* CustomTableViewCell.h */,
				248EB0DF1B2EE53100E3D02F /* CustomTableViewCell.m */,
				248EB0E01B2EE53100E3D02F /* CustomTableViewCell.xib */,
				248EB0C51B2EE0DC00E3D02F /* Images.xcassets */,
				248EB0C71B2EE0DC00E3D02F /* LaunchScreen.xib */,
				248EB0B81B2EE0DC00E3D02F /* Supporting Files */,
			);
			path = 6.15.UI.HW;
			sourceTree = "<group>";
		};
		248EB0B81B2EE0DC00E3D02F /* Supporting Files */ = {
			isa = PBXGroup;
			children = (
				248EB0B91B2EE0DC00E3D02F /* Info.plist */,
				248EB0BA1B2EE0DC00E3D02F /* main.m */,
			);
			name = "Supporting Files";
			sourceTree = "<group>";
		};
		248EB0D11B2EE0DC00E3D02F /* 6.15.UI.HWTests */ = {
			isa = PBXGroup;
			children = (
				248EB0D41B2EE0DC00E3D02F /* __15_UI_HWTests.m */,
				248EB0D21B2EE0DC00E3D02F /* Supporting Files */,
			);
			path = 6.15.UI.HWTests;
			sourceTree = "<group>";
		};
		248EB0D21B2EE0DC00E3D02F /* Supporting Files */ = {
			isa = PBXGroup;
			children = (
				248EB0D31B2EE0DC00E3D02F /* Info.plist */,
			);
			name = "Supporting Files";
			sourceTree = "<group>";
		};
		248EB0E31B2EE71D00E3D02F /* SDWebImage */ = {
			isa = PBXGroup;
			children = (
				248EB0E41B2EE71D00E3D02F /* MKAnnotationView+WebCache.h */,
				248EB0E51B2EE71D00E3D02F /* MKAnnotationView+WebCache.m */,
				248EB0E61B2EE71D00E3D02F /* NSData+ImageContentType.h */,
				248EB0E71B2EE71D00E3D02F /* NSData+ImageContentType.m */,
				248EB0E81B2EE71D00E3D02F /* SDImageCache.h */,
				248EB0E91B2EE71D00E3D02F /* SDImageCache.m */,
				248EB0EA1B2EE71D00E3D02F /* SDWebImageCompat.h */,
				248EB0EB1B2EE71D00E3D02F /* SDWebImageCompat.m */,
				248EB0EC1B2EE71D00E3D02F /* SDWebImageDecoder.h */,
				248EB0ED1B2EE71D00E3D02F /* SDWebImageDecoder.m */,
				248EB0EE1B2EE71D00E3D02F /* SDWebImageDownloader.h */,
				248EB0EF1B2EE71D00E3D02F /* SDWebImageDownloader.m */,
				248EB0F01B2EE71D00E3D02F /* SDWebImageDownloaderOperation.h */,
				248EB0F11B2EE71D00E3D02F /* SDWebImageDownloaderOperation.m */,
				248EB0F21B2EE71D00E3D02F /* SDWebImageManager.h */,
				248EB0F31B2EE71D00E3D02F /* SDWebImageManager.m */,
				248EB0F41B2EE71D00E3D02F /* SDWebImageOperation.h */,
				248EB0F51B2EE71D00E3D02F /* SDWebImagePrefetcher.h */,
				248EB0F61B2EE71D00E3D02F /* SDWebImagePrefetcher.m */,
				248EB0F71B2EE71D00E3D02F /* UIButton+WebCache.h */,
				248EB0F81B2EE71D00E3D02F /* UIButton+WebCache.m */,
				248EB0F91B2EE71D00E3D02F /* UIImage+GIF.h */,
				248EB0FA1B2EE71D00E3D02F /* UIImage+GIF.m */,
				248EB0FB1B2EE71D00E3D02F /* UIImage+MultiFormat.h */,
				248EB0FC1B2EE71D00E3D02F /* UIImage+MultiFormat.m */,
				248EB0FD1B2EE71D00E3D02F /* UIImage+WebP.h */,
				248EB0FE1B2EE71D00E3D02F /* UIImage+WebP.m */,
				248EB0FF1B2EE71D00E3D02F /* UIImageView+HighlightedWebCache.h */,
				248EB1001B2EE71D00E3D02F /* UIImageView+HighlightedWebCache.m */,
				248EB1011B2EE71D00E3D02F /* UIImageView+WebCache.h */,
				248EB1021B2EE71D00E3D02F /* UIImageView+WebCache.m */,
				248EB1031B2EE71D00E3D02F /* UIView+WebCacheOperation.h */,
				248EB1041B2EE71D00E3D02F /* UIView+WebCacheOperation.m */,
			);
			path = SDWebImage;
			sourceTree = "<group>";
		};
/* End PBXGroup section */

/* Begin PBXNativeTarget section */
		248EB0B41B2EE0DC00E3D02F /* 6.15.UI.HW */ = {
			isa = PBXNativeTarget;
			buildConfigurationList = 248EB0D81B2EE0DC00E3D02F /* Build configuration list for PBXNativeTarget "6.15.UI.HW" */;
			buildPhases = (
				248EB0B11B2EE0DC00E3D02F /* Sources */,
				248EB0B21B2EE0DC00E3D02F /* Frameworks */,
				248EB0B31B2EE0DC00E3D02F /* Resources */,
			);
			buildRules = (
			);
			dependencies = (
			);
			name = 6.15.UI.HW;
			productName = 6.15.UI.HW;
			productReference = 248EB0B51B2EE0DC00E3D02F /* 6.15.UI.HW.app */;
			productType = "com.apple.product-type.application";
		};
		248EB0CD1B2EE0DC00E3D02F /* 6.15.UI.HWTests */ = {
			isa = PBXNativeTarget;
			buildConfigurationList = 248EB0DB1B2EE0DC00E3D02F /* Build configuration list for PBXNativeTarget "6.15.UI.HWTests" */;
			buildPhases = (
				248EB0CA1B2EE0DC00E3D02F /* Sources */,
				248EB0CB1B2EE0DC00E3D02F /* Frameworks */,
				248EB0CC1B2EE0DC00E3D02F /* Resources */,
			);
			buildRules = (
			);
			dependencies = (
				248EB0D01B2EE0DC00E3D02F /* PBXTargetDependency */,
			);
			name = 6.15.UI.HWTests;
			productName = 6.15.UI.HWTests;
			productReference = 248EB0CE1B2EE0DC00E3D02F /* 6.15.UI.HWTests.xctest */;
			productType = "com.apple.product-type.bundle.unit-test";
		};
/* End PBXNativeTarget section */

/* Begin PBXProject section */
		248EB0AD1B2EE0DC00E3D02F /* Project object */ = {
			isa = PBXProject;
			attributes = {
				LastUpgradeCheck = 0630;
				ORGANIZATIONNAME = rectinajh;
				TargetAttributes = {
					248EB0B41B2EE0DC00E3D02F = {
						CreatedOnToolsVersion = 6.3;
					};
					248EB0CD1B2EE0DC00E3D02F = {
						CreatedOnToolsVersion = 6.3;
						TestTargetID = 248EB0B41B2EE0DC00E3D02F;
					};
				};
			};
			buildConfigurationList = 248EB0B01B2EE0DC00E3D02F /* Build configuration list for PBXProject "6.15.UI.HW" */;
			compatibilityVersion = "Xcode 3.2";
			developmentRegion = English;
			hasScannedForEncodings = 0;
			knownRegions = (
				en,
				Base,
			);
			mainGroup = 248EB0AC1B2EE0DC00E3D02F;
			productRefGroup = 248EB0B61B2EE0DC00E3D02F /* Products */;
			projectDirPath = "";
			projectRoot = "";
			targets = (
				248EB0B41B2EE0DC00E3D02F /* 6.15.UI.HW */,
				248EB0CD1B2EE0DC00E3D02F /* 6.15.UI.HWTests */,
			);
		};
/* End PBXProject section */

/* Begin PBXResourcesBuildPhase section */
		248EB0B31B2EE0DC00E3D02F /* Resources */ = {
			isa = PBXResourcesBuildPhase;
			buildActionMask = 2147483647;
			files = (
				248EB0C41B2EE0DC00E3D02F /* Main.storyboard in Resources */,
				248EB0C91B2EE0DC00E3D02F /* LaunchScreen.xib in Resources */,
				248EB0E21B2EE53100E3D02F /* CustomTableViewCell.xib in Resources */,
				248EB0C61B2EE0DC00E3D02F /* Images.xcassets in Resources */,
			);
			runOnlyForDeploymentPostprocessing = 0;
		};
		248EB0CC1B2EE0DC00E3D02F /* Resources */ = {
			isa = PBXResourcesBuildPhase;
			buildActionMask = 2147483647;
			files = (
			);
			runOnlyForDeploymentPostprocessing = 0;
		};
/* End PBXResourcesBuildPhase section */

/* Begin PBXSourcesBuildPhase section */
		248EB0B11B2EE0DC00E3D02F /* Sources */ = {
			isa = PBXSourcesBuildPhase;
			buildActionMask = 2147483647;
			files = (
				248EB1121B2EE71D00E3D02F /* UIImageView+HighlightedWebCache.m in Sources */,
				248EB1171B2EE7CA00E3D02F /* WebViewController.m in Sources */,
				248EB1101B2EE71D00E3D02F /* UIImage+MultiFormat.m in Sources */,
				248EB10B1B2EE71D00E3D02F /* SDWebImageDownloaderOperation.m in Sources */,
				248EB0C11B2EE0DC00E3D02F /* ViewController.m in Sources */,
				248EB1081B2EE71D00E3D02F /* SDWebImageCompat.m in Sources */,
				248EB10F1B2EE71D00E3D02F /* UIImage+GIF.m in Sources */,
				248EB10D1B2EE71D00E3D02F /* SDWebImagePrefetcher.m in Sources */,
				248EB0BE1B2EE0DC00E3D02F /* AppDelegate.m in Sources */,
				248EB0E11B2EE53100E3D02F /* CustomTableViewCell.m in Sources */,
				248EB1111B2EE71D00E3D02F /* UIImage+WebP.m in Sources */,
				248EB1131B2EE71D00E3D02F /* UIImageView+WebCache.m in Sources */,
				248EB10A1B2EE71D00E3D02F /* SDWebImageDownloader.m in Sources */,
				248EB1141B2EE71D00E3D02F /* UIView+WebCacheOperation.m in Sources */,
				248EB10E1B2EE71D00E3D02F /* UIButton+WebCache.m in Sources */,
				248EB1051B2EE71D00E3D02F /* MKAnnotationView+WebCache.m in Sources */,
				248EB1061B2EE71D00E3D02F /* NSData+ImageContentType.m in Sources */,
				248EB0BB1B2EE0DC00E3D02F /* main.m in Sources */,
				248EB10C1B2EE71D00E3D02F /* SDWebImageManager.m in Sources */,
				248EB1091B2EE71D00E3D02F /* SDWebImageDecoder.m in Sources */,
				248EB1071B2EE71D00E3D02F /* SDImageCache.m in Sources */,
			);
			runOnlyForDeploymentPostprocessing = 0;
		};
		248EB0CA1B2EE0DC00E3D02F /* Sources */ = {
			isa = PBXSourcesBuildPhase;
			buildActionMask = 2147483647;
			files = (
				248EB0D51B2EE0DC00E3D02F /* __15_UI_HWTests.m in Sources */,
			);
			runOnlyForDeploymentPostprocessing = 0;
		};
/* End PBXSourcesBuildPhase section */

/* Begin PBXTargetDependency section */
		248EB0D01B2EE0DC00E3D02F /* PBXTargetDependency */ = {
			isa = PBXTargetDependency;
			target = 248EB0B41B2EE0DC00E3D02F /* 6.15.UI.HW */;
			targetProxy = 248EB0CF1B2EE0DC00E3D02F /* PBXContainerItemProxy */;
		};
/* End PBXTargetDependency section */

/* Begin PBXVariantGroup section */
		248EB0C21B2EE0DC00E3D02F /* Main.storyboard */ = {
			isa = PBXVariantGroup;
			children = (
				248EB0C31B2EE0DC00E3D02F /* Base */,
			);
			name = Main.storyboard;
			sourceTree = "<group>";
		};
		248EB0C71B2EE0DC00E3D02F /* LaunchScreen.xib */ = {
			isa = PBXVariantGroup;
			children = (
				248EB0C81B2EE0DC00E3D02F /* Base */,
			);
			name = LaunchScreen.xib;
			sourceTree = "<group>";
		};
/* End PBXVariantGroup section */

/* Begin XCBuildConfiguration section */
		248EB0D61B2EE0DC00E3D02F /* Debug */ = {
			isa = XCBuildConfiguration;
			buildSettings = {
				ALWAYS_SEARCH_USER_PATHS = NO;
				CLANG_CXX_LANGUAGE_STANDARD = "gnu++0x";
				CLANG_CXX_LIBRARY = "libc++";
				CLANG_ENABLE_MODULES = YES;
				CLANG_ENABLE_OBJC_ARC = YES;
				CLANG_WARN_BOOL_CONVERSION = YES;
				CLANG_WARN_CONSTANT_CONVERSION = YES;
				CLANG_WARN_DIRECT_OBJC_ISA_USAGE = YES_ERROR;
				CLANG_WARN_EMPTY_BODY = YES;
				CLANG_WARN_ENUM_CONVERSION = YES;
				CLANG_WARN_INT_CONVERSION = YES;
				CLANG_WARN_OBJC_ROOT_CLASS = YES_ERROR;
				CLANG_WARN_UNREACHABLE_CODE = YES;
				CLANG_WARN__DUPLICATE_METHOD_MATCH = YES;
				"CODE_SIGN_IDENTITY[sdk=iphoneos*]" = "iPhone Developer";
				COPY_PHASE_STRIP = NO;
				DEBUG_INFORMATION_FORMAT = "dwarf-with-dsym";
				ENABLE_STRICT_OBJC_MSGSEND = YES;
				GCC_C_LANGUAGE_STANDARD = gnu99;
				GCC_DYNAMIC_NO_PIC = NO;
				GCC_NO_COMMON_BLOCKS = YES;
				GCC_OPTIMIZATION_LEVEL = 0;
				GCC_PREPROCESSOR_DEFINITIONS = (
					"DEBUG=1",
					"$(inherited)",
				);
				GCC_SYMBOLS_PRIVATE_EXTERN = NO;
				GCC_WARN_64_TO_32_BIT_CONVERSION = YES;
				GCC_WARN_ABOUT_RETURN_TYPE = YES_ERROR;
				GCC_WARN_UNDECLARED_SELECTOR = YES;
				GCC_WARN_UNINITIALIZED_AUTOS = YES_AGGRESSIVE;
				GCC_WARN_UNUSED_FUNCTION = YES;
				GCC_WARN_UNUSED_VARIABLE = YES;
				IPHONEOS_DEPLOYMENT_TARGET = 8.3;
				MTL_ENABLE_DEBUG_INFO = YES;
				ONLY_ACTIVE_ARCH = YES;
				SDKROOT = iphoneos;
				TARGETED_DEVICE_FAMILY = "1,2";
			};
			name = Debug;
		};
		248EB0D71B2EE0DC00E3D02F /* Release */ = {
			isa = XCBuildConfiguration;
			buildSettings = {
				ALWAYS_SEARCH_USER_PATHS = NO;
				CLANG_CXX_LANGUAGE_STANDARD = "gnu++0x";
				CLANG_CXX_LIBRARY = "libc++";
				CLANG_ENABLE_MODULES = YES;
				CLANG_ENABLE_OBJC_ARC = YES;
				CLANG_WARN_BOOL_CONVERSION = YES;
				CLANG_WARN_CONSTANT_CONVERSION = YES;
				CLANG_WARN_DIRECT_OBJC_ISA_USAGE = YES_ERROR;
				CLANG_WARN_EMPTY_BODY = YES;
				CLANG_WARN_ENUM_CONVERSION = YES;
				CLANG_WARN_INT_CONVERSION = YES;
				CLANG_WARN_OBJC_ROOT_CLASS = YES_ERROR;
				CLANG_WARN_UNREACHABLE_CODE = YES;
				CLANG_WARN__DUPLICATE_METHOD_MATCH = YES;
				"CODE_SIGN_IDENTITY[sdk=iphoneos*]" = "iPhone Developer";
				COPY_PHASE_STRIP = NO;
				DEBUG_INFORMATION_FORMAT = "dwarf-with-dsym";
				ENABLE_NS_ASSERTIONS = NO;
				ENABLE_STRICT_OBJC_MSGSEND = YES;
				GCC_C_LANGUAGE_STANDARD = gnu99;
				GCC_NO_COMMON_BLOCKS = YES;
				GCC_WARN_64_TO_32_BIT_CONVERSION = YES;
				GCC_WARN_ABOUT_RETURN_TYPE = YES_ERROR;
				GCC_WARN_UNDECLARED_SELECTOR = YES;
				GCC_WARN_UNINITIALIZED_AUTOS = YES_AGGRESSIVE;
				GCC_WARN_UNUSED_FUNCTION = YES;
				GCC_WARN_UNUSED_VARIABLE = YES;
				IPHONEOS_DEPLOYMENT_TARGET = 8.3;
				MTL_ENABLE_DEBUG_INFO = NO;
				SDKROOT = iphoneos;
				TARGETED_DEVICE_FAMILY = "1,2";
				VALIDATE_PRODUCT = YES;
			};
			name = Release;
		};
		248EB0D91B2EE0DC00E3D02F /* Debug */ = {
			isa = XCBuildConfiguration;
			buildSettings = {
				ASSETCATALOG_COMPILER_APPICON_NAME = AppIcon;
				INFOPLIST_FILE = 6.15.UI.HW/Info.plist;
				LD_RUNPATH_SEARCH_PATHS = "$(inherited) @executable_path/Frameworks";
				PRODUCT_NAME = "$(TARGET_NAME)";
			};
			name = Debug;
		};
		248EB0DA1B2EE0DC00E3D02F /* Release */ = {
			isa = XCBuildConfiguration;
			buildSettings = {
				ASSETCATALOG_COMPILER_APPICON_NAME = AppIcon;
				INFOPLIST_FILE = 6.15.UI.HW/Info.plist;
				LD_RUNPATH_SEARCH_PATHS = "$(inherited) @executable_path/Frameworks";
				PRODUCT_NAME = "$(TARGET_NAME)";
			};
			name = Release;
		};
		248EB0DC1B2EE0DC00E3D02F /* Debug */ = {
			isa = XCBuildConfiguration;
			buildSettings = {
				BUNDLE_LOADER = "$(TEST_HOST)";
				FRAMEWORK_SEARCH_PATHS = (
					"$(SDKROOT)/Developer/Library/Frameworks",
					"$(inherited)",
				);
				GCC_PREPROCESSOR_DEFINITIONS = (
					"DEBUG=1",
					"$(inherited)",
				);
				INFOPLIST_FILE = 6.15.UI.HWTests/Info.plist;
				LD_RUNPATH_SEARCH_PATHS = "$(inherited) @executable_path/Frameworks @loader_path/Frameworks";
				PRODUCT_NAME = "$(TARGET_NAME)";
				TEST_HOST = "$(BUILT_PRODUCTS_DIR)/6.15.UI.HW.app/6.15.UI.HW";
			};
			name = Debug;
		};
		248EB0DD1B2EE0DC00E3D02F /* Release */ = {
			isa = XCBuildConfiguration;
			buildSettings = {
				BUNDLE_LOADER = "$(TEST_HOST)";
				FRAMEWORK_SEARCH_PATHS = (
					"$(SDKROOT)/Developer/Library/Frameworks",
					"$(inherited)",
				);
				INFOPLIST_FILE = 6.15.UI.HWTests/Info.plist;
				LD_RUNPATH_SEARCH_PATHS = "$(inherited) @executable_path/Frameworks @loader_path/Frameworks";
				PRODUCT_NAME = "$(TARGET_NAME)";
				TEST_HOST = "$(BUILT_PRODUCTS_DIR)/6.15.UI.HW.app/6.15.UI.HW";
			};
			name = Release;
		};
/* End XCBuildConfiguration section */

/* Begin XCConfigurationList section */
		248EB0B01B2EE0DC00E3D02F /* Build configuration list for PBXProject "6.15.UI.HW" */ = {
			isa = XCConfigurationList;
			buildConfigurations = (
				248EB0D61B2EE0DC00E3D02F /* Debug */,
				248EB0D71B2EE0DC00E3D02F /* Release */,
			);
			defaultConfigurationIsVisible = 0;
			defaultConfigurationName = Release;
		};
		248EB0D81B2EE0DC00E3D02F /* Build configuration list for PBXNativeTarget "6.15.UI.HW" */ = {
			isa = XCConfigurationList;
			buildConfigurations = (
				248EB0D91B2EE0DC00E3D02F /* Debug */,
				248EB0DA1B2EE0DC00E3D02F /* Release */,
			);
			defaultConfigurationIsVisible = 0;
		};
		248EB0DB1B2EE0DC00E3D02F /* Build configuration list for PBXNativeTarget "6.15.UI.HWTests" */ = {
			isa = XCConfigurationList;
			buildConfigurations = (
				248EB0DC1B2EE0DC00E3D02F /* Debug */,
				248EB0DD1B2EE0DC00E3D02F /* Release */,
			);
			defaultConfigurationIsVisible = 0;
		};
/* End XCConfigurationList section */
	};
	rootObject = 248EB0AD1B2EE0DC00E3D02F /* Project object */;
}
